
Microsoft Visual Studio Solution File, Format Version 12.00
# Visual Studio Version 16
VisualStudioVersion = 16.0.30611.23
MinimumVisualStudioVersion = 10.0.40219.1
Project("{9A19103F-16F7-4668-BE54-9A1E7A4F7556}") = "MyShop.Core", "MyShop.Core\MyShop.Core.csproj", "{2990B128-0630-4284-B38A-7B45D72FFA8F}"
EndProject
Project("{9A19103F-16F7-4668-BE54-9A1E7A4F7556}") = "MyShop.DataAccess", "MyShop.DataAccess\MyShop.DataAccess.csproj", "{91AE3F67-B5E0-4FE7-B2BB-CEBF73374262}"
EndProject
Project("{9A19103F-16F7-4668-BE54-9A1E7A4F7556}") = "MyShop.Model", "MyShop.Model\MyShop.Model.csproj", "{5382F720-120F-4CB5-8AAF-BF94A7E13F8D}"
EndProject
Project("{9A19103F-16F7-4668-BE54-9A1E7A4F7556}") = "MyShop.Common", "MyShop.Common\MyShop.Common.csproj", "{E4C6634A-5AB1-4C47-B4DA-90EFB21E01D8}"
EndProject
Project("{9A19103F-16F7-4668-BE54-9A1E7A4F7556}") = "MyShop.UnitTest", "MyShop.UnitTest\MyShop.UnitTest.csproj", "{AA5B90D6-A51D-4354-AB37-F2304DF49B9F}"
EndProject
Project("{9A19103F-16F7-4668-BE54-9A1E7A4F7556}") = "MyShop.Web", "MyShop.Web\MyShop.Web.csproj", "{2E6BE086-50AE-4E05-9795-52A5374DB510}"
EndProject
Project("{9A19103F-16F7-4668-BE54-9A1E7A4F7556}") = "MyShop.WebAdmin", "MyShop.WebAdmin\MyShop.WebAdmin.csproj", "{1A9B649D-AB31-454A-B143-8B89FF561FD3}"
EndProject
Project("{9A19103F-16F7-4668-BE54-9A1E7A4F7556}") = "MyShop.WebApi", "MyShop.WebApi\MyShop.WebApi.csproj", "{38DD9FA4-F15F-4B25-AC72-9105E4F4A7DB}"
EndProject
Global
	GlobalSection(SolutionConfigurationPlatforms) = preSolution
		Debug|Any CPU = Debug|Any CPU
		Release|Any CPU = Release|Any CPU
	EndGlobalSection
	GlobalSection(ProjectConfigurationPlatforms) = postSolution
		{2990B128-0630-4284-B38A-7B45D72FFA8F}.Debug|Any CPU.ActiveCfg = Debug|Any CPU
		{2990B128-0630-4284-B38A-7B45D72FFA8F}.Debug|Any CPU.Build.0 = Debug|Any CPU
		{2990B128-0630-4284-B38A-7B45D72FFA8F}.Release|Any CPU.ActiveCfg = Release|Any CPU
		{2990B128-0630-4284-B38A-7B45D72FFA8F}.Release|Any CPU.Build.0 = Release|Any CPU
		{91AE3F67-B5E0-4FE7-B2BB-CEBF73374262}.Debug|Any CPU.ActiveCfg = Debug|Any CPU
		{91AE3F67-B5E0-4FE7-B2BB-CEBF73374262}.Debug|Any CPU.Build.0 = Debug|Any CPU
		{91AE3F67-B5E0-4FE7-B2BB-CEBF73374262}.Release|Any CPU.ActiveCfg = Release|Any CPU
		{91AE3F67-B5E0-4FE7-B2BB-CEBF73374262}.Release|Any CPU.Build.0 = Release|Any CPU
		{5382F720-120F-4CB5-8AAF-BF94A7E13F8D}.Debug|Any CPU.ActiveCfg = Debug|Any CPU
		{5382F720-120F-4CB5-8AAF-BF94A7E13F8D}.Debug|Any CPU.Build.0 = Debug|Any CPU
		{5382F720-120F-4CB5-8AAF-BF94A7E13F8D}.Release|Any CPU.ActiveCfg = Release|Any CPU
		{5382F720-120F-4CB5-8AAF-BF94A7E13F8D}.Release|Any CPU.Build.0 = Release|Any CPU
		{E4C6634A-5AB1-4C47-B4DA-90EFB21E01D8}.Debug|Any CPU.ActiveCfg = Debug|Any CPU
		{E4C6634A-5AB1-4C47-B4DA-90EFB21E01D8}.Debug|Any CPU.Build.0 = Debug|Any CPU
		{E4C6634A-5AB1-4C47-B4DA-90EFB21E01D8}.Release|Any CPU.ActiveCfg = Release|Any CPU
		{E4C6634A-5AB1-4C47-B4DA-90EFB21E01D8}.Release|Any CPU.Build.0 = Release|Any CPU
		{AA5B90D6-A51D-4354-AB37-F2304DF49B9F}.Debug|Any CPU.ActiveCfg = Debug|Any CPU
		{AA5B90D6-A51D-4354-AB37-F2304DF49B9F}.Debug|Any CPU.Build.0 = Debug|Any CPU
		{AA5B90D6-A51D-4354-AB37-F2304DF49B9F}.Release|Any CPU.ActiveCfg = Release|Any CPU
		{AA5B90D6-A51D-4354-AB37-F2304DF49B9F}.Release|Any CPU.Build.0 = Release|Any CPU
		{2E6BE086-50AE-4E05-9795-52A5374DB510}.Debug|Any CPU.ActiveCfg = Debug|Any CPU
		{2E6BE086-50AE-4E05-9795-52A5374DB510}.Debug|Any CPU.Build.0 = Debug|Any CPU
		{2E6BE086-50AE-4E05-9795-52A5374DB510}.Release|Any CPU.ActiveCfg = Release|Any CPU
		{2E6BE086-50AE-4E05-9795-52A5374DB510}.Release|Any CPU.Build.0 = Release|Any CPU
		{1A9B649D-AB31-454A-B143-8B89FF561FD3}.Debug|Any CPU.ActiveCfg = Debug|Any CPU
		{1A9B649D-AB31-454A-B143-8B89FF561FD3}.Debug|Any CPU.Build.0 = Debug|Any CPU
		{1A9B649D-AB31-454A-B143-8B89FF561FD3}.Release|Any CPU.ActiveCfg = Release|Any CPU
		{1A9B649D-AB31-454A-B143-8B89FF561FD3}.Release|Any CPU.Build.0 = Release|Any CPU
		{38DD9FA4-F15F-4B25-AC72-9105E4F4A7DB}.Debug|Any CPU.ActiveCfg = Debug|Any CPU
		{38DD9FA4-F15F-4B25-AC72-9105E4F4A7DB}.Debug|Any CPU.Build.0 = Debug|Any CPU
		{38DD9FA4-F15F-4B25-AC72-9105E4F4A7DB}.Release|Any CPU.ActiveCfg = Release|Any CPU
		{38DD9FA4-F15F-4B25-AC72-9105E4F4A7DB}.Release|Any CPU.Build.0 = Release|Any CPU
	EndGlobalSection
	GlobalSection(SolutionProperties) = preSolution
		HideSolutionNode = FALSE
	EndGlobalSection
	GlobalSection(ExtensibilityGlobals) = postSolution
		SolutionGuid = {9997A54A-B86A-407E-B07A-0E348F7F36DF}
	EndGlobalSection
EndGlobal
